// !$*UTF8*$!
{
	archiveVersion = 1;
	classes = {
	};
	objectVersion = 56;
	objects = {

/* Begin PBXBuildFile section */
		9EB9CC9E6D5847618D590160 /* LivesportClaudeApp.swift in Sources */ = {isa = PBXBuildFile; fileRef = 253C6ABBD0C844C893DF3492 /* LivesportClaudeApp.swift */; };
		A18FBCD9C01E46C482AD1A4C /* AppConfiguration.swift in Sources */ = {isa = PBXBuildFile; fileRef = AF94B73C9833488A9B04E073 /* AppConfiguration.swift */; };
		4448B4D6E2634C228FF34445 /* ClaudeModel.swift in Sources */ = {isa = PBXBuildFile; fileRef = 089C6080FDA9435EA7BBE089 /* ClaudeModel.swift */; };
		3C7E2DA0961E4A7D863A2023 /* Message.swift in Sources */ = {isa = PBXBuildFile; fileRef = 6FD8AE222C614C59948F16FB /* Message.swift */; };
		DD880DFD253D4A7B9048A495 /* Conversation.swift in Sources */ = {isa = PBXBuildFile; fileRef = 02959C0E20F846A1A04D797F /* Conversation.swift */; };
		DBC979E85A5C48C6A759503E /* SystemPrompt.swift in Sources */ = {isa = PBXBuildFile; fileRef = 8BCA160CFECE49D2B753D90A /* SystemPrompt.swift */; };
		7AA68237FBE143B2A8308976 /* ClaudeAPIClient.swift in Sources */ = {isa = PBXBuildFile; fileRef = 77A98ACF64A94C039B3997B1 /* ClaudeAPIClient.swift */; };
		E7BB0B94DA294977A334AD6D /* ConversationStorage.swift in Sources */ = {isa = PBXBuildFile; fileRef = 36DDB7DD2E5D476D9F83297E /* ConversationStorage.swift */; };
		B1861A8A6454493FA4A53395 /* ExportService.swift in Sources */ = {isa = PBXBuildFile; fileRef = 4982C3FB4DD04DEFBC5A4C4B /* ExportService.swift */; };
		78A53F8ED4C84F898D25E646 /* SearchService.swift in Sources */ = {isa = PBXBuildFile; fileRef = 837884E9088F42A1AA83606B /* SearchService.swift */; };
		224CE7EA7B69419B9FD28E33 /* SystemPromptStorage.swift in Sources */ = {isa = PBXBuildFile; fileRef = 2B96C83230D84FAAA73F4F3B /* SystemPromptStorage.swift */; };
		DFDEF900E9554649AAC43F3D /* ContentView.swift in Sources */ = {isa = PBXBuildFile; fileRef = 23FA91239FA84FA885ADE098 /* ContentView.swift */; };
		55CE8406FED746419364D7BA /* ChatView.swift in Sources */ = {isa = PBXBuildFile; fileRef = BE5F4503D2F146CEBF41D6DF /* ChatView.swift */; };
		A607ABF99C544CB8A1133FDA /* MessageBubbleView.swift in Sources */ = {isa = PBXBuildFile; fileRef = 7F45DA6EE9184567917701F8 /* MessageBubbleView.swift */; };
		CB9E2A0944224064891F564B /* ConversationListView.swift in Sources */ = {isa = PBXBuildFile; fileRef = 9C016E25D3774E58900AA3FD /* ConversationListView.swift */; };
		D8D98A8F9F6E449690D68295 /* SettingsView.swift in Sources */ = {isa = PBXBuildFile; fileRef = 0097272B23BF4DCCAA3B2066 /* SettingsView.swift */; };
		951D953818DB447FA155BAD0 /* CodeBlockView.swift in Sources */ = {isa = PBXBuildFile; fileRef = CA30471E339D4540B67CC84B /* CodeBlockView.swift */; };
		B7C4B57CE664452C9F5ADD0A /* SearchView.swift in Sources */ = {isa = PBXBuildFile; fileRef = C0696FF81AE94C5E90DDAC36 /* SearchView.swift */; };
		A8152BF79C2A4CFA8A1AED67 /* SystemPromptsView.swift in Sources */ = {isa = PBXBuildFile; fileRef = 37B7AA8AAA8640F1ABBCF63D /* SystemPromptsView.swift */; };
		EADC299AA9FF47CD8E054627 /* Assets.xcassets in Resources */ = {isa = PBXBuildFile; fileRef = A2A2154B54B0443D9D9C8BEF /* Assets.xcassets */; };
		846D1FDCD44942478772094E /* ClaudeModelTests.swift in Sources */ = {isa = PBXBuildFile; fileRef = 17A93CDE8C04416DA4E7FB35 /* ClaudeModelTests.swift */; };
		7703D8007E67416FB5174D7C /* MessageTests.swift in Sources */ = {isa = PBXBuildFile; fileRef = B69780FF620E4B54AF15CF46 /* MessageTests.swift */; };
		198DD2CFBB8A4EDA9E4A8382 /* ConversationTests.swift in Sources */ = {isa = PBXBuildFile; fileRef = 67B68302C7DF4679BFFDB749 /* ConversationTests.swift */; };
		4FBB7DE805A648AC85CE53D9 /* SystemPromptTests.swift in Sources */ = {isa = PBXBuildFile; fileRef = 4D9B9883C0BD47D2B495855C /* SystemPromptTests.swift */; };
		32ABA5CA35074F44A6D77CE0 /* ConversationStorageTests.swift in Sources */ = {isa = PBXBuildFile; fileRef = 1D714F87F1264FF0BA8D4B99 /* ConversationStorageTests.swift */; };
		498DDCF45D70404C9D3337BC /* SystemPromptStorageTests.swift in Sources */ = {isa = PBXBuildFile; fileRef = C1808C19E3AD436CBDAAE9C1 /* SystemPromptStorageTests.swift */; };
		07D73A3750BB460EA9D3A029 /* SearchServiceTests.swift in Sources */ = {isa = PBXBuildFile; fileRef = D5DA238BF6AD4B009BB79A2C /* SearchServiceTests.swift */; };
		40CFE8ABACA14DEE90A5CB8E /* ExportServiceTests.swift in Sources */ = {isa = PBXBuildFile; fileRef = 3F60CFF0E3CE47F9A829C416 /* ExportServiceTests.swift */; };
/* End PBXBuildFile section */

/* Begin PBXContainerItemProxy section */
		2B18956AD2984281848ED43C /* PBXContainerItemProxy */ = {
			isa = PBXContainerItemProxy;
			containerPortal = 533FC2863D6E454398D59104 /* Project object */;
			proxyType = 1;
			remoteGlobalIDString = 8CEE629FD78B4D2CBC50B723;
			remoteInfo = LivesportClaude;
		};
/* End PBXContainerItemProxy section */

/* Begin PBXFileReference section */
		253C6ABBD0C844C893DF3492 /* LivesportClaudeApp.swift */ = {isa = PBXFileReference; lastKnownFileType = sourcecode.swift; path = LivesportClaudeApp.swift; sourceTree = "<group>"; };
		AF94B73C9833488A9B04E073 /* AppConfiguration.swift */ = {isa = PBXFileReference; lastKnownFileType = sourcecode.swift; path = AppConfiguration.swift; sourceTree = "<group>"; };
		089C6080FDA9435EA7BBE089 /* ClaudeModel.swift */ = {isa = PBXFileReference; lastKnownFileType = sourcecode.swift; path = ClaudeModel.swift; sourceTree = "<group>"; };
		6FD8AE222C614C59948F16FB /* Message.swift */ = {isa = PBXFileReference; lastKnownFileType = sourcecode.swift; path = Message.swift; sourceTree = "<group>"; };
		02959C0E20F846A1A04D797F /* Conversation.swift */ = {isa = PBXFileReference; lastKnownFileType = sourcecode.swift; path = Conversation.swift; sourceTree = "<group>"; };
		8BCA160CFECE49D2B753D90A /* SystemPrompt.swift */ = {isa = PBXFileReference; lastKnownFileType = sourcecode.swift; path = SystemPrompt.swift; sourceTree = "<group>"; };
		77A98ACF64A94C039B3997B1 /* ClaudeAPIClient.swift */ = {isa = PBXFileReference; lastKnownFileType = sourcecode.swift; path = ClaudeAPIClient.swift; sourceTree = "<group>"; };
		36DDB7DD2E5D476D9F83297E /* ConversationStorage.swift */ = {isa = PBXFileReference; lastKnownFileType = sourcecode.swift; path = ConversationStorage.swift; sourceTree = "<group>"; };
		4982C3FB4DD04DEFBC5A4C4B /* ExportService.swift */ = {isa = PBXFileReference; lastKnownFileType = sourcecode.swift; path = ExportService.swift; sourceTree = "<group>"; };
		837884E9088F42A1AA83606B /* SearchService.swift */ = {isa = PBXFileReference; lastKnownFileType = sourcecode.swift; path = SearchService.swift; sourceTree = "<group>"; };
		2B96C83230D84FAAA73F4F3B /* SystemPromptStorage.swift */ = {isa = PBXFileReference; lastKnownFileType = sourcecode.swift; path = SystemPromptStorage.swift; sourceTree = "<group>"; };
		23FA91239FA84FA885ADE098 /* ContentView.swift */ = {isa = PBXFileReference; lastKnownFileType = sourcecode.swift; path = ContentView.swift; sourceTree = "<group>"; };
		BE5F4503D2F146CEBF41D6DF /* ChatView.swift */ = {isa = PBXFileReference; lastKnownFileType = sourcecode.swift; path = ChatView.swift; sourceTree = "<group>"; };
		7F45DA6EE9184567917701F8 /* MessageBubbleView.swift */ = {isa = PBXFileReference; lastKnownFileType = sourcecode.swift; path = MessageBubbleView.swift; sourceTree = "<group>"; };
		9C016E25D3774E58900AA3FD /* ConversationListView.swift */ = {isa = PBXFileReference; lastKnownFileType = sourcecode.swift; path = ConversationListView.swift; sourceTree = "<group>"; };
		0097272B23BF4DCCAA3B2066 /* SettingsView.swift */ = {isa = PBXFileReference; lastKnownFileType = sourcecode.swift; path = SettingsView.swift; sourceTree = "<group>"; };
		CA30471E339D4540B67CC84B /* CodeBlockView.swift */ = {isa = PBXFileReference; lastKnownFileType = sourcecode.swift; path = CodeBlockView.swift; sourceTree = "<group>"; };
		C0696FF81AE94C5E90DDAC36 /* SearchView.swift */ = {isa = PBXFileReference; lastKnownFileType = sourcecode.swift; path = SearchView.swift; sourceTree = "<group>"; };
		37B7AA8AAA8640F1ABBCF63D /* SystemPromptsView.swift */ = {isa = PBXFileReference; lastKnownFileType = sourcecode.swift; path = SystemPromptsView.swift; sourceTree = "<group>"; };
		A2A2154B54B0443D9D9C8BEF /* Assets.xcassets */ = {isa = PBXFileReference; lastKnownFileType = folder.assetcatalog; path = Assets.xcassets; sourceTree = "<group>"; };
		CD0757ADA87443FEA134D1A1 /* Info.plist */ = {isa = PBXFileReference; lastKnownFileType = text.plist.xml; path = Info.plist; sourceTree = "<group>"; };
		17A93CDE8C04416DA4E7FB35 /* ClaudeModelTests.swift */ = {isa = PBXFileReference; lastKnownFileType = sourcecode.swift; path = ClaudeModelTests.swift; sourceTree = "<group>"; };
		B69780FF620E4B54AF15CF46 /* MessageTests.swift */ = {isa = PBXFileReference; lastKnownFileType = sourcecode.swift; path = MessageTests.swift; sourceTree = "<group>"; };
		67B68302C7DF4679BFFDB749 /* ConversationTests.swift */ = {isa = PBXFileReference; lastKnownFileType = sourcecode.swift; path = ConversationTests.swift; sourceTree = "<group>"; };
		4D9B9883C0BD47D2B495855C /* SystemPromptTests.swift */ = {isa = PBXFileReference; lastKnownFileType = sourcecode.swift; path = SystemPromptTests.swift; sourceTree = "<group>"; };
		1D714F87F1264FF0BA8D4B99 /* ConversationStorageTests.swift */ = {isa = PBXFileReference; lastKnownFileType = sourcecode.swift; path = ConversationStorageTests.swift; sourceTree = "<group>"; };
		C1808C19E3AD436CBDAAE9C1 /* SystemPromptStorageTests.swift */ = {isa = PBXFileReference; lastKnownFileType = sourcecode.swift; path = SystemPromptStorageTests.swift; sourceTree = "<group>"; };
		D5DA238BF6AD4B009BB79A2C /* SearchServiceTests.swift */ = {isa = PBXFileReference; lastKnownFileType = sourcecode.swift; path = SearchServiceTests.swift; sourceTree = "<group>"; };
		3F60CFF0E3CE47F9A829C416 /* ExportServiceTests.swift */ = {isa = PBXFileReference; lastKnownFileType = sourcecode.swift; path = ExportServiceTests.swift; sourceTree = "<group>"; };
		8CEE629FD78B4D2CBC50B723 /* LivesportClaude.app */ = {isa = PBXFileReference; explicitFileType = wrapper.application; includeInIndex = 0; path = LivesportClaude.app; sourceTree = BUILT_PRODUCTS_DIR; };
		F0A1B2C3D4E5F6A7B8C9D0E1 /* LivesportClaudeTests.xctest */ = {isa = PBXFileReference; explicitFileType = wrapper.cfbundle; includeInIndex = 0; path = LivesportClaudeTests.xctest; sourceTree = BUILT_PRODUCTS_DIR; };
/* End PBXFileReference section */

/* Begin PBXFrameworksBuildPhase section */
		AA1122334455667788990011 /* Frameworks */ = {
			isa = PBXFrameworksBuildPhase;
			buildActionMask = 2147483647;
			files = (
			);
			runOnlyForDeploymentPostprocessing = 0;
		};
		BB2233445566778899001122 /* Frameworks */ = {
			isa = PBXFrameworksBuildPhase;
			buildActionMask = 2147483647;
			files = (
			);
			runOnlyForDeploymentPostprocessing = 0;
		};
/* End PBXFrameworksBuildPhase section */

/* Begin PBXGroup section */
		CC3344556677889900112233 = {
			isa = PBXGroup;
			children = (
				DD4455667788990011223344 /* LivesportClaude */,
				EE5566778899001122334455 /* LivesportClaudeTests */,
				FF6677889900112233445566 /* Products */,
			);
			sourceTree = "<group>";
		};
		FF6677889900112233445566 /* Products */ = {
			isa = PBXGroup;
			children = (
				8CEE629FD78B4D2CBC50B723 /* LivesportClaude.app */,
				F0A1B2C3D4E5F6A7B8C9D0E1 /* LivesportClaudeTests.xctest */,
			);
			name = Products;
			sourceTree = "<group>";
		};
		DD4455667788990011223344 /* LivesportClaude */ = {
			isa = PBXGroup;
			children = (
				11AA22BB33CC44DD55EE66FF /* App */,
				22BB33CC44DD55EE66FF7788 /* Models */,
				33CC44DD55EE66FF77889900 /* Services */,
				44DD55EE66FF778899001122 /* Views */,
				55EE66FF77889900112233CC /* Resources */,
				CD0757ADA87443FEA134D1A1 /* Info.plist */,
			);
			name = LivesportClaude;
			path = LivesportClaude;
			sourceTree = "<group>";
		};
		EE5566778899001122334455 /* LivesportClaudeTests */ = {
			isa = PBXGroup;
			children = (
				66FF778899001122334455DD /* Models */,
				77889900112233445566EEFF /* Services */,
			);
			name = LivesportClaudeTests;
			path = LivesportClaudeTests;
			sourceTree = "<group>";
		};
		11AA22BB33CC44DD55EE66FF /* App */ = {
			isa = PBXGroup;
			children = (
				253C6ABBD0C844C893DF3492 /* LivesportClaudeApp.swift */,
				AF94B73C9833488A9B04E073 /* AppConfiguration.swift */,
			);
			path = App;
			sourceTree = "<group>";
		};
		22BB33CC44DD55EE66FF7788 /* Models */ = {
			isa = PBXGroup;
			children = (
				089C6080FDA9435EA7BBE089 /* ClaudeModel.swift */,
				6FD8AE222C614C59948F16FB /* Message.swift */,
				02959C0E20F846A1A04D797F /* Conversation.swift */,
				8BCA160CFECE49D2B753D90A /* SystemPrompt.swift */,
			);
			path = Models;
			sourceTree = "<group>";
		};
		33CC44DD55EE66FF77889900 /* Services */ = {
			isa = PBXGroup;
			children = (
				77A98ACF64A94C039B3997B1 /* ClaudeAPIClient.swift */,
				36DDB7DD2E5D476D9F83297E /* ConversationStorage.swift */,
				4982C3FB4DD04DEFBC5A4C4B /* ExportService.swift */,
				837884E9088F42A1AA83606B /* SearchService.swift */,
				2B96C83230D84FAAA73F4F3B /* SystemPromptStorage.swift */,
			);
			path = Services;
			sourceTree = "<group>";
		};
		44DD55EE66FF778899001122 /* Views */ = {
			isa = PBXGroup;
			children = (
				23FA91239FA84FA885ADE098 /* ContentView.swift */,
				BE5F4503D2F146CEBF41D6DF /* ChatView.swift */,
				7F45DA6EE9184567917701F8 /* MessageBubbleView.swift */,
				9C016E25D3774E58900AA3FD /* ConversationListView.swift */,
				0097272B23BF4DCCAA3B2066 /* SettingsView.swift */,
				CA30471E339D4540B67CC84B /* CodeBlockView.swift */,
				C0696FF81AE94C5E90DDAC36 /* SearchView.swift */,
				37B7AA8AAA8640F1ABBCF63D /* SystemPromptsView.swift */,
			);
			path = Views;
			sourceTree = "<group>";
		};
		55EE66FF77889900112233CC /* Resources */ = {
			isa = PBXGroup;
			children = (
				A2A2154B54B0443D9D9C8BEF /* Assets.xcassets */,
			);
			path = Resources;
			sourceTree = "<group>";
		};
		66FF778899001122334455DD /* Models */ = {
			isa = PBXGroup;
			children = (
				17A93CDE8C04416DA4E7FB35 /* ClaudeModelTests.swift */,
				B69780FF620E4B54AF15CF46 /* MessageTests.swift */,
				67B68302C7DF4679BFFDB749 /* ConversationTests.swift */,
				4D9B9883C0BD47D2B495855C /* SystemPromptTests.swift */,
			);
			path = Models;
			sourceTree = "<group>";
		};
		77889900112233445566EEFF /* Services */ = {
			isa = PBXGroup;
			children = (
				1D714F87F1264FF0BA8D4B99 /* ConversationStorageTests.swift */,
				C1808C19E3AD436CBDAAE9C1 /* SystemPromptStorageTests.swift */,
				D5DA238BF6AD4B009BB79A2C /* SearchServiceTests.swift */,
				3F60CFF0E3CE47F9A829C416 /* ExportServiceTests.swift */,
			);
			path = Services;
			sourceTree = "<group>";
		};
/* End PBXGroup section */

/* Begin PBXNativeTarget section */
		8CEE629FD78B4D2CBC50B723 /* LivesportClaude */ = {
			isa = PBXNativeTarget;
			buildConfigurationList = 88990011223344556677889A /* Build configuration list for PBXNativeTarget "LivesportClaude" */;
			buildPhases = (
				9900112233445566778899AB /* Sources */,
				AA1122334455667788990011 /* Frameworks */,
				AB0011223344556677889900 /* Resources */,
			);
			buildRules = (
			);
			dependencies = (
			);
			name = LivesportClaude;
			productName = LivesportClaude;
			productReference = 8CEE629FD78B4D2CBC50B723 /* LivesportClaude.app */;
			productType = "com.apple.product-type.application";
		};
		F0A1B2C3D4E5F6A7B8C9D0E1 /* LivesportClaudeTests */ = {
			isa = PBXNativeTarget;
			buildConfigurationList = BC1122334455667788990011 /* Build configuration list for PBXNativeTarget "LivesportClaudeTests" */;
			buildPhases = (
				CD2233445566778899001122 /* Sources */,
				BB2233445566778899001122 /* Frameworks */,
				DE3344556677889900112233 /* Resources */,
			);
			buildRules = (
			);
			dependencies = (
				EF4455667788990011223344 /* PBXTargetDependency */,
			);
			name = LivesportClaudeTests;
			productName = LivesportClaudeTests;
			productReference = F0A1B2C3D4E5F6A7B8C9D0E1 /* LivesportClaudeTests.xctest */;
			productType = "com.apple.product-type.bundle.unit-test";
		};
/* End PBXNativeTarget section */

/* Begin PBXProject section */
		533FC2863D6E454398D59104 /* Project object */ = {
			isa = PBXProject;
			attributes = {
				BuildIndependentTargetsInParallel = 1;
				LastSwiftUpdateCheck = 1500;
				LastUpgradeCheck = 1500;
				TargetAttributes = {
					8CEE629FD78B4D2CBC50B723 = {
						CreatedOnToolsVersion = 15.0;
					};
					F0A1B2C3D4E5F6A7B8C9D0E1 = {
						CreatedOnToolsVersion = 15.0;
						TestTargetID = 8CEE629FD78B4D2CBC50B723;
					};
				};
			};
			buildConfigurationList = F5556677889900112233445A /* Build configuration list for PBXProject "LivesportClaude" */;
			compatibilityVersion = "Xcode 14.0";
			developmentRegion = en;
			hasScannedForEncodings = 0;
			knownRegions = (
				en,
			);
			mainGroup = CC3344556677889900112233;
			productRefGroup = FF6677889900112233445566 /* Products */;
			projectDirPath = "";
			projectRoot = "";
			targets = (
				8CEE629FD78B4D2CBC50B723 /* LivesportClaude */,
				F0A1B2C3D4E5F6A7B8C9D0E1 /* LivesportClaudeTests */,
			);
		};
/* End PBXProject section */

/* Begin PBXResourcesBuildPhase section */
		AB0011223344556677889900 /* Resources */ = {
			isa = PBXResourcesBuildPhase;
			buildActionMask = 2147483647;
			files = (
				EADC299AA9FF47CD8E054627 /* Assets.xcassets in Resources */,
			);
			runOnlyForDeploymentPostprocessing = 0;
		};
		DE3344556677889900112233 /* Resources */ = {
			isa = PBXResourcesBuildPhase;
			buildActionMask = 2147483647;
			files = (
			);
			runOnlyForDeploymentPostprocessing = 0;
		};
/* End PBXResourcesBuildPhase section */

/* Begin PBXSourcesBuildPhase section */
		9900112233445566778899AB /* Sources */ = {
			isa = PBXSourcesBuildPhase;
			buildActionMask = 2147483647;
			files = (
				9EB9CC9E6D5847618D590160 /* LivesportClaudeApp.swift in Sources */,
				A18FBCD9C01E46C482AD1A4C /* AppConfiguration.swift in Sources */,
				4448B4D6E2634C228FF34445 /* ClaudeModel.swift in Sources */,
				3C7E2DA0961E4A7D863A2023 /* Message.swift in Sources */,
				DD880DFD253D4A7B9048A495 /* Conversation.swift in Sources */,
				DBC979E85A5C48C6A759503E /* SystemPrompt.swift in Sources */,
				7AA68237FBE143B2A8308976 /* ClaudeAPIClient.swift in Sources */,
				E7BB0B94DA294977A334AD6D /* ConversationStorage.swift in Sources */,
				B1861A8A6454493FA4A53395 /* ExportService.swift in Sources */,
				78A53F8ED4C84F898D25E646 /* SearchService.swift in Sources */,
				224CE7EA7B69419B9FD28E33 /* SystemPromptStorage.swift in Sources */,
				DFDEF900E9554649AAC43F3D /* ContentView.swift in Sources */,
				55CE8406FED746419364D7BA /* ChatView.swift in Sources */,
				A607ABF99C544CB8A1133FDA /* MessageBubbleView.swift in Sources */,
				CB9E2A0944224064891F564B /* ConversationListView.swift in Sources */,
				D8D98A8F9F6E449690D68295 /* SettingsView.swift in Sources */,
				951D953818DB447FA155BAD0 /* CodeBlockView.swift in Sources */,
				B7C4B57CE664452C9F5ADD0A /* SearchView.swift in Sources */,
				A8152BF79C2A4CFA8A1AED67 /* SystemPromptsView.swift in Sources */,
			);
			runOnlyForDeploymentPostprocessing = 0;
		};
		CD2233445566778899001122 /* Sources */ = {
			isa = PBXSourcesBuildPhase;
			buildActionMask = 2147483647;
			files = (
				846D1FDCD44942478772094E /* ClaudeModelTests.swift in Sources */,
				7703D8007E67416FB5174D7C /* MessageTests.swift in Sources */,
				198DD2CFBB8A4EDA9E4A8382 /* ConversationTests.swift in Sources */,
				4FBB7DE805A648AC85CE53D9 /* SystemPromptTests.swift in Sources */,
				32ABA5CA35074F44A6D77CE0 /* ConversationStorageTests.swift in Sources */,
				498DDCF45D70404C9D3337BC /* SystemPromptStorageTests.swift in Sources */,
				07D73A3750BB460EA9D3A029 /* SearchServiceTests.swift in Sources */,
				40CFE8ABACA14DEE90A5CB8E /* ExportServiceTests.swift in Sources */,
			);
			runOnlyForDeploymentPostprocessing = 0;
		};
/* End PBXSourcesBuildPhase section */

/* Begin PBXTargetDependency section */
		EF4455667788990011223344 /* PBXTargetDependency */ = {
			isa = PBXTargetDependency;
			target = 8CEE629FD78B4D2CBC50B723 /* LivesportClaude */;
			targetProxy = 2B18956AD2984281848ED43C /* PBXContainerItemProxy */;
		};
/* End PBXTargetDependency section */

/* Begin XCBuildConfiguration section */
		11223344556677889900AABB /* Debug */ = {
			isa = XCBuildConfiguration;
			buildSettings = {
				ALWAYS_SEARCH_USER_PATHS = NO;
				CLANG_ANALYZER_NONNULL = YES;
				CLANG_ANALYZER_NUMBER_OBJECT_CONVERSION = YES_AGGRESSIVE;
				CLANG_CXX_LANGUAGE_STANDARD = "gnu++20";
				CLANG_ENABLE_MODULES = YES;
				CLANG_ENABLE_OBJC_ARC = YES;
				CLANG_ENABLE_OBJC_WEAK = YES;
				CLANG_WARN_BLOCK_CAPTURE_AUTORELEASING = YES;
				CLANG_WARN_BOOL_CONVERSION = YES;
				CLANG_WARN_COMMA = YES;
				CLANG_WARN_CONSTANT_CONVERSION = YES;
				CLANG_WARN_DEPRECATED_OBJC_IMPLEMENTATIONS = YES;
				CLANG_WARN_DIRECT_OBJC_ISA_USAGE = YES_ERROR;
				CLANG_WARN_DOCUMENTATION_COMMENTS = YES;
				CLANG_WARN_EMPTY_BODY = YES;
				CLANG_WARN_ENUM_CONVERSION = YES;
				CLANG_WARN_INFINITE_RECURSION = YES;
				CLANG_WARN_INT_CONVERSION = YES;
				CLANG_WARN_NON_LITERAL_NULL_CONVERSION = YES;
				CLANG_WARN_OBJC_IMPLICIT_RETAIN_SELF = YES;
				CLANG_WARN_OBJC_LITERAL_CONVERSION = YES;
				CLANG_WARN_OBJC_ROOT_CLASS = YES_ERROR;
				CLANG_WARN_QUOTED_INCLUDE_IN_FRAMEWORK_HEADER = YES;
				CLANG_WARN_RANGE_LOOP_ANALYSIS = YES;
				CLANG_WARN_STRICT_PROTOTYPES = YES;
				CLANG_WARN_SUSPICIOUS_MOVE = YES;
				CLANG_WARN_UNGUARDED_AVAILABILITY = YES_AGGRESSIVE;
				CLANG_WARN_UNREACHABLE_CODE = YES;
				CLANG_WARN__DUPLICATE_METHOD_MATCH = YES;
				COPY_PHASE_STRIP = NO;
				DEBUG_INFORMATION_FORMAT = dwarf;
				ENABLE_STRICT_OBJC_MSGSEND = YES;
				ENABLE_TESTABILITY = YES;
				GCC_C_LANGUAGE_STANDARD = gnu11;
				GCC_DYNAMIC_NO_PIC = NO;
				GCC_NO_COMMON_BLOCKS = YES;
				GCC_OPTIMIZATION_LEVEL = 0;
				GCC_PREPROCESSOR_DEFINITIONS = (
					"DEBUG=1",
					"$(inherited)",
				);
				GCC_WARN_64_TO_32_BIT_CONVERSION = YES;
				GCC_WARN_ABOUT_RETURN_TYPE = YES_ERROR;
				GCC_WARN_UNDECLARED_SELECTOR = YES;
				GCC_WARN_UNINITIALIZED_AUTOS = YES_AGGRESSIVE;
				GCC_WARN_UNUSED_FUNCTION = YES;
				GCC_WARN_UNUSED_VARIABLE = YES;
				MACOSX_DEPLOYMENT_TARGET = 13.0;
				MTL_ENABLE_DEBUG_INFO = INCLUDE_SOURCE;
				MTL_FAST_MATH = YES;
				ONLY_ACTIVE_ARCH = YES;
				SDKROOT = macosx;
				SWIFT_ACTIVE_COMPILATION_CONDITIONS = DEBUG;
				SWIFT_OPTIMIZATION_LEVEL = "-Onone";
			};
			name = Debug;
		};
		22334455667788990011BBCC /* Release */ = {
			isa = XCBuildConfiguration;
			buildSettings = {
				ALWAYS_SEARCH_USER_PATHS = NO;
				CLANG_ANALYZER_NONNULL = YES;
				CLANG_ANALYZER_NUMBER_OBJECT_CONVERSION = YES_AGGRESSIVE;
				CLANG_CXX_LANGUAGE_STANDARD = "gnu++20";
				CLANG_ENABLE_MODULES = YES;
				CLANG_ENABLE_OBJC_ARC = YES;
				CLANG_ENABLE_OBJC_WEAK = YES;
				CLANG_WARN_BLOCK_CAPTURE_AUTORELEASING = YES;
				CLANG_WARN_BOOL_CONVERSION = YES;
				CLANG_WARN_COMMA = YES;
				CLANG_WARN_CONSTANT_CONVERSION = YES;
				CLANG_WARN_DEPRECATED_OBJC_IMPLEMENTATIONS = YES;
				CLANG_WARN_DIRECT_OBJC_ISA_USAGE = YES_ERROR;
				CLANG_WARN_DOCUMENTATION_COMMENTS = YES;
				CLANG_WARN_EMPTY_BODY = YES;
				CLANG_WARN_ENUM_CONVERSION = YES;
				CLANG_WARN_INFINITE_RECURSION = YES;
				CLANG_WARN_INT_CONVERSION = YES;
				CLANG_WARN_NON_LITERAL_NULL_CONVERSION = YES;
				CLANG_WARN_OBJC_IMPLICIT_RETAIN_SELF = YES;
				CLANG_WARN_OBJC_LITERAL_CONVERSION = YES;
				CLANG_WARN_OBJC_ROOT_CLASS = YES_ERROR;
				CLANG_WARN_QUOTED_INCLUDE_IN_FRAMEWORK_HEADER = YES;
				CLANG_WARN_RANGE_LOOP_ANALYSIS = YES;
				CLANG_WARN_STRICT_PROTOTYPES = YES;
				CLANG_WARN_SUSPICIOUS_MOVE = YES;
				CLANG_WARN_UNGUARDED_AVAILABILITY = YES_AGGRESSIVE;
				CLANG_WARN_UNREACHABLE_CODE = YES;
				CLANG_WARN__DUPLICATE_METHOD_MATCH = YES;
				COPY_PHASE_STRIP = NO;
				DEBUG_INFORMATION_FORMAT = "dwarf-with-dsym";
				ENABLE_NS_ASSERTIONS = NO;
				ENABLE_STRICT_OBJC_MSGSEND = YES;
				GCC_C_LANGUAGE_STANDARD = gnu11;
				GCC_NO_COMMON_BLOCKS = YES;
				GCC_WARN_64_TO_32_BIT_CONVERSION = YES;
				GCC_WARN_ABOUT_RETURN_TYPE = YES_ERROR;
				GCC_WARN_UNDECLARED_SELECTOR = YES;
				GCC_WARN_UNINITIALIZED_AUTOS = YES_AGGRESSIVE;
				GCC_WARN_UNUSED_FUNCTION = YES;
				GCC_WARN_UNUSED_VARIABLE = YES;
				MACOSX_DEPLOYMENT_TARGET = 13.0;
				MTL_ENABLE_DEBUG_INFO = NO;
				MTL_FAST_MATH = YES;
				SDKROOT = macosx;
				SWIFT_COMPILATION_MODE = wholemodule;
				SWIFT_OPTIMIZATION_LEVEL = "-O";
			};
			name = Release;
		};
		33445566778899001122CCDD /* Debug */ = {
			isa = XCBuildConfiguration;
			buildSettings = {
				ASSETCATALOG_COMPILER_APPICON_NAME = AppIcon;
				ASSETCATALOG_COMPILER_GLOBAL_ACCENT_COLOR_NAME = AccentColor;
				CODE_SIGN_ENTITLEMENTS = "";
				CODE_SIGN_IDENTITY = "-";
				CODE_SIGN_STYLE = Automatic;
				COMBINE_HIDPI_IMAGES = YES;
				CURRENT_PROJECT_VERSION = 1;
				DEVELOPMENT_TEAM = "";
				ENABLE_HARDENED_RUNTIME = YES;
				ENABLE_PREVIEWS = YES;
				GENERATE_INFOPLIST_FILE = NO;
				INFOPLIST_FILE = LivesportClaude/Info.plist;
				INFOPLIST_KEY_NSHumanReadableCopyright = "Copyright © 2024 Livesport. All rights reserved.";
				LD_RUNPATH_SEARCH_PATHS = (
					"$(inherited)",
					"@executable_path/../Frameworks",
				);
				MARKETING_VERSION = 1.0;
				PRODUCT_BUNDLE_IDENTIFIER = cz.livesport.LivesportClaude;
				PRODUCT_NAME = "$(TARGET_NAME)";
				SWIFT_EMIT_LOC_STRINGS = YES;
				SWIFT_VERSION = 5.0;
			};
			name = Debug;
		};
		44556677889900112233DDEE /* Release */ = {
			isa = XCBuildConfiguration;
			buildSettings = {
				ASSETCATALOG_COMPILER_APPICON_NAME = AppIcon;
				ASSETCATALOG_COMPILER_GLOBAL_ACCENT_COLOR_NAME = AccentColor;
				CODE_SIGN_ENTITLEMENTS = "";
				CODE_SIGN_IDENTITY = "-";
				CODE_SIGN_STYLE = Automatic;
				COMBINE_HIDPI_IMAGES = YES;
				CURRENT_PROJECT_VERSION = 1;
				DEVELOPMENT_TEAM = "";
				ENABLE_HARDENED_RUNTIME = YES;
				ENABLE_PREVIEWS = YES;
				GENERATE_INFOPLIST_FILE = NO;
				INFOPLIST_FILE = LivesportClaude/Info.plist;
				INFOPLIST_KEY_NSHumanReadableCopyright = "Copyright © 2024 Livesport. All rights reserved.";
				LD_RUNPATH_SEARCH_PATHS = (
					"$(inherited)",
					"@executable_path/../Frameworks",
				);
				MARKETING_VERSION = 1.0;
				PRODUCT_BUNDLE_IDENTIFIER = cz.livesport.LivesportClaude;
				PRODUCT_NAME = "$(TARGET_NAME)";
				SWIFT_EMIT_LOC_STRINGS = YES;
				SWIFT_VERSION = 5.0;
			};
			name = Release;
		};
		55667788990011223344EEFF /* Debug */ = {
			isa = XCBuildConfiguration;
			buildSettings = {
				ALWAYS_EMBED_SWIFT_STANDARD_LIBRARIES = YES;
				BUNDLE_LOADER = "$(TEST_HOST)";
				CODE_SIGN_STYLE = Automatic;
				CURRENT_PROJECT_VERSION = 1;
				DEVELOPMENT_TEAM = "";
				GENERATE_INFOPLIST_FILE = YES;
				MACOSX_DEPLOYMENT_TARGET = 13.0;
				MARKETING_VERSION = 1.0;
				PRODUCT_BUNDLE_IDENTIFIER = cz.livesport.LivesportClaudeTests;
				PRODUCT_NAME = "$(TARGET_NAME)";
				SWIFT_EMIT_LOC_STRINGS = NO;
				SWIFT_VERSION = 5.0;
				TEST_HOST = "$(BUILT_PRODUCTS_DIR)/LivesportClaude.app/$(BUNDLE_EXECUTABLE_FOLDER_PATH)/LivesportClaude";
			};
			name = Debug;
		};
		66778899001122334455FF00 /* Release */ = {
			isa = XCBuildConfiguration;
			buildSettings = {
				ALWAYS_EMBED_SWIFT_STANDARD_LIBRARIES = YES;
				BUNDLE_LOADER = "$(TEST_HOST)";
				CODE_SIGN_STYLE = Automatic;
				CURRENT_PROJECT_VERSION = 1;
				DEVELOPMENT_TEAM = "";
				GENERATE_INFOPLIST_FILE = YES;
				MACOSX_DEPLOYMENT_TARGET = 13.0;
				MARKETING_VERSION = 1.0;
				PRODUCT_BUNDLE_IDENTIFIER = cz.livesport.LivesportClaudeTests;
				PRODUCT_NAME = "$(TARGET_NAME)";
				SWIFT_EMIT_LOC_STRINGS = NO;
				SWIFT_VERSION = 5.0;
				TEST_HOST = "$(BUILT_PRODUCTS_DIR)/LivesportClaude.app/$(BUNDLE_EXECUTABLE_FOLDER_PATH)/LivesportClaude";
			};
			name = Release;
		};
/* End XCBuildConfiguration section */

/* Begin XCConfigurationList section */
		88990011223344556677889A /* Build configuration list for PBXNativeTarget "LivesportClaude" */ = {
			isa = XCConfigurationList;
			buildConfigurations = (
				33445566778899001122CCDD /* Debug */,
				44556677889900112233DDEE /* Release */,
			);
			defaultConfigurationIsVisible = 0;
			defaultConfigurationName = Release;
		};
		BC1122334455667788990011 /* Build configuration list for PBXNativeTarget "LivesportClaudeTests" */ = {
			isa = XCConfigurationList;
			buildConfigurations = (
				55667788990011223344EEFF /* Debug */,
				66778899001122334455FF00 /* Release */,
			);
			defaultConfigurationIsVisible = 0;
			defaultConfigurationName = Release;
		};
		F5556677889900112233445A /* Build configuration list for PBXProject "LivesportClaude" */ = {
			isa = XCConfigurationList;
			buildConfigurations = (
				11223344556677889900AABB /* Debug */,
				22334455667788990011BBCC /* Release */,
			);
			defaultConfigurationIsVisible = 0;
			defaultConfigurationName = Release;
		};
/* End XCConfigurationList section */
	};
	rootObject = 533FC2863D6E454398D59104 /* Project object */;
}
